
Microsoft Visual Studio Solution File, Format Version 12.00
# Visual Studio Version 16
VisualStudioVersion = 16.0.32510.428
MinimumVisualStudioVersion = 10.0.40219.1
Project("{FAE04EC0-301F-11D3-BF4B-00C04F79EFBC}") = "Tarea1.Android", "Tarea1.Android\Tarea1.Android.csproj", "{042F7CDE-B04A-4060-ADE8-95EB5C4321ED}"
EndProject
Project("{FAE04EC0-301F-11D3-BF4B-00C04F79EFBC}") = "Tarea1", "Tarea1\Tarea1.csproj", "{10D715AA-ADA1-461C-9107-68330D159783}"
EndProject
Global
	GlobalSection(SolutionConfigurationPlatforms) = preSolution
		Debug|Any CPU = Debug|Any CPU
		Release|Any CPU = Release|Any CPU
	EndGlobalSection
	GlobalSection(ProjectConfigurationPlatforms) = postSolution
		{042F7CDE-B04A-4060-ADE8-95EB5C4321ED}.Debug|Any CPU.ActiveCfg = Debug|Any CPU
		{042F7CDE-B04A-4060-ADE8-95EB5C4321ED}.Debug|Any CPU.Build.0 = Debug|Any CPU
		{042F7CDE-B04A-4060-ADE8-95EB5C4321ED}.Debug|Any CPU.Deploy.0 = Debug|Any CPU
		{042F7CDE-B04A-4060-ADE8-95EB5C4321ED}.Release|Any CPU.ActiveCfg = Release|Any CPU
		{042F7CDE-B04A-4060-ADE8-95EB5C4321ED}.Release|Any CPU.Build.0 = Release|Any CPU
		{042F7CDE-B04A-4060-ADE8-95EB5C4321ED}.Release|Any CPU.Deploy.0 = Release|Any CPU
		{10D715AA-ADA1-461C-9107-68330D159783}.Debug|Any CPU.ActiveCfg = Debug|Any CPU
		{10D715AA-ADA1-461C-9107-68330D159783}.Debug|Any CPU.Build.0 = Debug|Any CPU
		{10D715AA-ADA1-461C-9107-68330D159783}.Debug|Any CPU.Deploy.0 = Debug|Any CPU
		{10D715AA-ADA1-461C-9107-68330D159783}.Release|Any CPU.ActiveCfg = Release|Any CPU
		{10D715AA-ADA1-461C-9107-68330D159783}.Release|Any CPU.Build.0 = Release|Any CPU
		{10D715AA-ADA1-461C-9107-68330D159783}.Release|Any CPU.Deploy.0 = Release|Any CPU
	EndGlobalSection
	GlobalSection(SolutionProperties) = preSolution
		HideSolutionNode = FALSE
	EndGlobalSection
	GlobalSection(ExtensibilityGlobals) = postSolution
		SolutionGuid = {0B267075-22F6-42AC-BE3A-4E7A473250CA}
	EndGlobalSection
EndGlobal
